
Microsoft Visual Studio Solution File, Format Version 12.00
# Visual Studio Version 16
VisualStudioVersion = 16.0.29326.143
MinimumVisualStudioVersion = 10.0.40219.1
Project("{FAE04EC0-301F-11D3-BF4B-00C04F79EFBC}") = "EAP", "EAP\EAP.csproj", "{76B4EBF5-2FD2-4152-BC99-F6F58DA932DB}"
EndProject
Global
	GlobalSection(SolutionConfigurationPlatforms) = preSolution
		Debug|Any CPU = Debug|Any CPU
		Release|Any CPU = Release|Any CPU
	EndGlobalSection
	GlobalSection(ProjectConfigurationPlatforms) = postSolution
		{76B4EBF5-2FD2-4152-BC99-F6F58DA932DB}.Debug|Any CPU.ActiveCfg = Debug|Any CPU
		{76B4EBF5-2FD2-4152-BC99-F6F58DA932DB}.Debug|Any CPU.Build.0 = Debug|Any CPU
		{76B4EBF5-2FD2-4152-BC99-F6F58DA932DB}.Release|Any CPU.ActiveCfg = Release|Any CPU
		{76B4EBF5-2FD2-4152-BC99-F6F58DA932DB}.Release|Any CPU.Build.0 = Release|Any CPU
	EndGlobalSection
	GlobalSection(SolutionProperties) = preSolution
		HideSolutionNode = FALSE
	EndGlobalSection
	GlobalSection(ExtensibilityGlobals) = postSolution
		SolutionGuid = {2A1943C9-905F-4093-A0ED-ABE6CC44B39D}
	EndGlobalSection
EndGlobal
